
Microsoft Visual Studio Solution File, Format Version 12.00
# Visual Studio Version 16
VisualStudioVersion = 16.0.29806.167
MinimumVisualStudioVersion = 10.0.40219.1
Project("{FAE04EC0-301F-11D3-BF4B-00C04F79EFBC}") = "eShopSolution.Web", "eShopSolution.Web\eShopSolution.Web.csproj", "{6453C24A-7AE1-4370-ACB7-710301ADA28A}"
EndProject
Project("{2150E333-8FDC-42A3-9474-1A3956D46DE8}") = "Solution Items", "Solution Items", "{6C1A8892-1058-4E41-8565-1A2EF04D9A19}"
	ProjectSection(SolutionItems) = preProject
		README.md = README.md
	EndProjectSection
EndProject
Project("{FAE04EC0-301F-11D3-BF4B-00C04F79EFBC}") = "eShopSolutionData", "eShopSolutionData\eShopSolutionData.csproj", "{17A3B69F-A189-452C-A622-B92018AA85FF}"
EndProject
Project("{FAE04EC0-301F-11D3-BF4B-00C04F79EFBC}") = "eShopSolution.Application", "eShopSolution.Application\eShopSolution.Application.csproj", "{BF9D55CC-8698-4634-967A-662524425BFA}"
EndProject
Global
	GlobalSection(SolutionConfigurationPlatforms) = preSolution
		Debug|Any CPU = Debug|Any CPU
		Release|Any CPU = Release|Any CPU
	EndGlobalSection
	GlobalSection(ProjectConfigurationPlatforms) = postSolution
		{6453C24A-7AE1-4370-ACB7-710301ADA28A}.Debug|Any CPU.ActiveCfg = Debug|Any CPU
		{6453C24A-7AE1-4370-ACB7-710301ADA28A}.Debug|Any CPU.Build.0 = Debug|Any CPU
		{6453C24A-7AE1-4370-ACB7-710301ADA28A}.Release|Any CPU.ActiveCfg = Release|Any CPU
		{6453C24A-7AE1-4370-ACB7-710301ADA28A}.Release|Any CPU.Build.0 = Release|Any CPU
		{17A3B69F-A189-452C-A622-B92018AA85FF}.Debug|Any CPU.ActiveCfg = Debug|Any CPU
		{17A3B69F-A189-452C-A622-B92018AA85FF}.Debug|Any CPU.Build.0 = Debug|Any CPU
		{17A3B69F-A189-452C-A622-B92018AA85FF}.Release|Any CPU.ActiveCfg = Release|Any CPU
		{17A3B69F-A189-452C-A622-B92018AA85FF}.Release|Any CPU.Build.0 = Release|Any CPU
		{BF9D55CC-8698-4634-967A-662524425BFA}.Debug|Any CPU.ActiveCfg = Debug|Any CPU
		{BF9D55CC-8698-4634-967A-662524425BFA}.Debug|Any CPU.Build.0 = Debug|Any CPU
		{BF9D55CC-8698-4634-967A-662524425BFA}.Release|Any CPU.ActiveCfg = Release|Any CPU
		{BF9D55CC-8698-4634-967A-662524425BFA}.Release|Any CPU.Build.0 = Release|Any CPU
	EndGlobalSection
	GlobalSection(SolutionProperties) = preSolution
		HideSolutionNode = FALSE
	EndGlobalSection
	GlobalSection(ExtensibilityGlobals) = postSolution
		SolutionGuid = {5D7C6A0C-00A1-4A73-BB16-7F0959BC2A40}
	EndGlobalSection
EndGlobal
